
Microsoft Visual Studio Solution File, Format Version 12.00
# Visual Studio Version 17
VisualStudioVersion = 17.6.33927.249
MinimumVisualStudioVersion = 10.0.40219.1
Project("{9A19103F-16F7-4668-BE54-9A1E7A4F7556}") = "PU.WebApi", "PU.WebApi\PU.WebApi.csproj", "{E137B46A-298D-44C4-921D-817309DAF2AD}"
EndProject
Project("{2150E333-8FDC-42A3-9474-1A3956D46DE8}") = "Artifacts", "Artifacts", "{6FDE792A-0A05-4BBB-A5FC-5FB7F1DFAB6D}"
EndProject
Project("{2150E333-8FDC-42A3-9474-1A3956D46DE8}") = "Domain", "Domain", "{0260C90E-390A-4FD4-8B71-76B66A00E2CD}"
EndProject
Project("{2150E333-8FDC-42A3-9474-1A3956D46DE8}") = "DataAccess", "DataAccess", "{38C73A62-B66B-4D11-87F6-C09AC3B10BE9}"
EndProject
Project("{2150E333-8FDC-42A3-9474-1A3956D46DE8}") = "Tests", "Tests", "{2451460B-C981-4282-AED6-04A37924C7CC}"
EndProject
Project("{9A19103F-16F7-4668-BE54-9A1E7A4F7556}") = "PU.Core", "PU.Core\PU.Core.csproj", "{EF366002-C98D-41CB-B6BC-C723AC903BDE}"
EndProject
Project("{9A19103F-16F7-4668-BE54-9A1E7A4F7556}") = "PU.DataAccess", "PU.DataAccess\PU.DataAccess.csproj", "{583A5E25-D479-4347-BAAA-58C55AC499FB}"
EndProject
Project("{9A19103F-16F7-4668-BE54-9A1E7A4F7556}") = "PU.Services", "PU.Services\PU.Services.csproj", "{BAD29EDE-E09E-4DD0-BFEE-C3B6D8BF89A7}"
EndProject
Project("{2150E333-8FDC-42A3-9474-1A3956D46DE8}") = "MVC", "MVC", "{4771B7E8-014D-406D-945D-5337171A3FE1}"
EndProject
Project("{9A19103F-16F7-4668-BE54-9A1E7A4F7556}") = "PU.MVCWebApp", "PU.MVCWebApp\PU.MVCWebApp.csproj", "{C191206B-9ECA-4427-8AC5-5CD5E8197E0E}"
EndProject
Project("{9A19103F-16F7-4668-BE54-9A1E7A4F7556}") = "PU.Services.UnitTests", "PU.Services.UnitTests\PU.Services.UnitTests.csproj", "{03984AED-FAE0-48C2-BE03-E579306B5E43}"
EndProject
Project("{9A19103F-16F7-4668-BE54-9A1E7A4F7556}") = "PU.WebApi.UnitTests", "PU.WebApi.UnitTests\PU.WebApi.UnitTests.csproj", "{E4AFD110-9B76-4F42-B88F-4983EED403A5}"
EndProject
Project("{FAE04EC0-301F-11D3-BF4B-00C04F79EFBC}") = "PU.DataAccess.UnitTests", "PU.DataAccess.UnitTests\PU.DataAccess.UnitTests.csproj", "{894A8AA8-10F9-4582-A958-32E9F0135B6B}"
EndProject
Global
	GlobalSection(SolutionConfigurationPlatforms) = preSolution
		Debug|Any CPU = Debug|Any CPU
		Release|Any CPU = Release|Any CPU
	EndGlobalSection
	GlobalSection(ProjectConfigurationPlatforms) = postSolution
		{E137B46A-298D-44C4-921D-817309DAF2AD}.Debug|Any CPU.ActiveCfg = Debug|Any CPU
		{E137B46A-298D-44C4-921D-817309DAF2AD}.Debug|Any CPU.Build.0 = Debug|Any CPU
		{E137B46A-298D-44C4-921D-817309DAF2AD}.Release|Any CPU.ActiveCfg = Release|Any CPU
		{E137B46A-298D-44C4-921D-817309DAF2AD}.Release|Any CPU.Build.0 = Release|Any CPU
		{EF366002-C98D-41CB-B6BC-C723AC903BDE}.Debug|Any CPU.ActiveCfg = Debug|Any CPU
		{EF366002-C98D-41CB-B6BC-C723AC903BDE}.Debug|Any CPU.Build.0 = Debug|Any CPU
		{EF366002-C98D-41CB-B6BC-C723AC903BDE}.Release|Any CPU.ActiveCfg = Release|Any CPU
		{EF366002-C98D-41CB-B6BC-C723AC903BDE}.Release|Any CPU.Build.0 = Release|Any CPU
		{583A5E25-D479-4347-BAAA-58C55AC499FB}.Debug|Any CPU.ActiveCfg = Debug|Any CPU
		{583A5E25-D479-4347-BAAA-58C55AC499FB}.Debug|Any CPU.Build.0 = Debug|Any CPU
		{583A5E25-D479-4347-BAAA-58C55AC499FB}.Release|Any CPU.ActiveCfg = Release|Any CPU
		{583A5E25-D479-4347-BAAA-58C55AC499FB}.Release|Any CPU.Build.0 = Release|Any CPU
		{BAD29EDE-E09E-4DD0-BFEE-C3B6D8BF89A7}.Debug|Any CPU.ActiveCfg = Debug|Any CPU
		{BAD29EDE-E09E-4DD0-BFEE-C3B6D8BF89A7}.Debug|Any CPU.Build.0 = Debug|Any CPU
		{BAD29EDE-E09E-4DD0-BFEE-C3B6D8BF89A7}.Release|Any CPU.ActiveCfg = Release|Any CPU
		{BAD29EDE-E09E-4DD0-BFEE-C3B6D8BF89A7}.Release|Any CPU.Build.0 = Release|Any CPU
		{C191206B-9ECA-4427-8AC5-5CD5E8197E0E}.Debug|Any CPU.ActiveCfg = Debug|Any CPU
		{C191206B-9ECA-4427-8AC5-5CD5E8197E0E}.Debug|Any CPU.Build.0 = Debug|Any CPU
		{C191206B-9ECA-4427-8AC5-5CD5E8197E0E}.Release|Any CPU.ActiveCfg = Release|Any CPU
		{C191206B-9ECA-4427-8AC5-5CD5E8197E0E}.Release|Any CPU.Build.0 = Release|Any CPU
		{03984AED-FAE0-48C2-BE03-E579306B5E43}.Debug|Any CPU.ActiveCfg = Debug|Any CPU
		{03984AED-FAE0-48C2-BE03-E579306B5E43}.Debug|Any CPU.Build.0 = Debug|Any CPU
		{03984AED-FAE0-48C2-BE03-E579306B5E43}.Release|Any CPU.ActiveCfg = Release|Any CPU
		{03984AED-FAE0-48C2-BE03-E579306B5E43}.Release|Any CPU.Build.0 = Release|Any CPU
		{E4AFD110-9B76-4F42-B88F-4983EED403A5}.Debug|Any CPU.ActiveCfg = Debug|Any CPU
		{E4AFD110-9B76-4F42-B88F-4983EED403A5}.Debug|Any CPU.Build.0 = Debug|Any CPU
		{E4AFD110-9B76-4F42-B88F-4983EED403A5}.Release|Any CPU.ActiveCfg = Release|Any CPU
		{E4AFD110-9B76-4F42-B88F-4983EED403A5}.Release|Any CPU.Build.0 = Release|Any CPU
		{894A8AA8-10F9-4582-A958-32E9F0135B6B}.Debug|Any CPU.ActiveCfg = Debug|Any CPU
		{894A8AA8-10F9-4582-A958-32E9F0135B6B}.Debug|Any CPU.Build.0 = Debug|Any CPU
		{894A8AA8-10F9-4582-A958-32E9F0135B6B}.Release|Any CPU.ActiveCfg = Release|Any CPU
		{894A8AA8-10F9-4582-A958-32E9F0135B6B}.Release|Any CPU.Build.0 = Release|Any CPU
	EndGlobalSection
	GlobalSection(SolutionProperties) = preSolution
		HideSolutionNode = FALSE
	EndGlobalSection
	GlobalSection(NestedProjects) = preSolution
		{E137B46A-298D-44C4-921D-817309DAF2AD} = {6FDE792A-0A05-4BBB-A5FC-5FB7F1DFAB6D}
		{EF366002-C98D-41CB-B6BC-C723AC903BDE} = {0260C90E-390A-4FD4-8B71-76B66A00E2CD}
		{583A5E25-D479-4347-BAAA-58C55AC499FB} = {38C73A62-B66B-4D11-87F6-C09AC3B10BE9}
		{BAD29EDE-E09E-4DD0-BFEE-C3B6D8BF89A7} = {0260C90E-390A-4FD4-8B71-76B66A00E2CD}
		{C191206B-9ECA-4427-8AC5-5CD5E8197E0E} = {4771B7E8-014D-406D-945D-5337171A3FE1}
		{03984AED-FAE0-48C2-BE03-E579306B5E43} = {2451460B-C981-4282-AED6-04A37924C7CC}
		{E4AFD110-9B76-4F42-B88F-4983EED403A5} = {2451460B-C981-4282-AED6-04A37924C7CC}
		{894A8AA8-10F9-4582-A958-32E9F0135B6B} = {2451460B-C981-4282-AED6-04A37924C7CC}
	EndGlobalSection
	GlobalSection(ExtensibilityGlobals) = postSolution
		SolutionGuid = {50FB8A10-2C27-4B1C-9575-2988BB77840E}
	EndGlobalSection
EndGlobal
